
Microsoft Visual Studio Solution File, Format Version 12.00
# Visual Studio Version 16
VisualStudioVersion = 16.0.30717.126
MinimumVisualStudioVersion = 10.0.40219.1
Project("{8BC9CEB8-8B4A-11D0-8D11-00A0C91BC942}") = "SiaodTree2", "SiaodTree2\SiaodTree2.vcxproj", "{D80CB59A-D56B-4843-955C-1D286BC279CE}"
EndProject
Global
	GlobalSection(SolutionConfigurationPlatforms) = preSolution
		Debug|x64 = Debug|x64
		Debug|x86 = Debug|x86
		Release|x64 = Release|x64
		Release|x86 = Release|x86
	EndGlobalSection
	GlobalSection(ProjectConfigurationPlatforms) = postSolution
		{D80CB59A-D56B-4843-955C-1D286BC279CE}.Debug|x64.ActiveCfg = Debug|x64
		{D80CB59A-D56B-4843-955C-1D286BC279CE}.Debug|x64.Build.0 = Debug|x64
		{D80CB59A-D56B-4843-955C-1D286BC279CE}.Debug|x86.ActiveCfg = Debug|Win32
		{D80CB59A-D56B-4843-955C-1D286BC279CE}.Debug|x86.Build.0 = Debug|Win32
		{D80CB59A-D56B-4843-955C-1D286BC279CE}.Release|x64.ActiveCfg = Release|x64
		{D80CB59A-D56B-4843-955C-1D286BC279CE}.Release|x64.Build.0 = Release|x64
		{D80CB59A-D56B-4843-955C-1D286BC279CE}.Release|x86.ActiveCfg = Release|Win32
		{D80CB59A-D56B-4843-955C-1D286BC279CE}.Release|x86.Build.0 = Release|Win32
	EndGlobalSection
	GlobalSection(SolutionProperties) = preSolution
		HideSolutionNode = FALSE
	EndGlobalSection
	GlobalSection(ExtensibilityGlobals) = postSolution
		SolutionGuid = {D8E5B8EC-7A01-48AD-BD14-73ADBDE805A0}
	EndGlobalSection
EndGlobal
